Microsoft Visual Studio Solution File, Format Version 12.00
# Visual Studio Version 17
VisualStudioVersion = 17.5.2.0
MinimumVisualStudioVersion = 10.0.40219.1
Project("{FAE04EC0-301F-11D3-BF4B-00C04F79EFBC}") = "UriShortener", "UriShortener.csproj", "{E2361240-02F3-8873-A700-10D6EF98EA4E}"
EndProject
Global
	GlobalSection(SolutionConfigurationPlatforms) = preSolution
		Debug|Any CPU = Debug|Any CPU
		Release|Any CPU = Release|Any CPU
	EndGlobalSection
	GlobalSection(ProjectConfigurationPlatforms) = postSolution
		{E2361240-02F3-8873-A700-10D6EF98EA4E}.Debug|Any CPU.ActiveCfg = Debug|Any CPU
		{E2361240-02F3-8873-A700-10D6EF98EA4E}.Debug|Any CPU.Build.0 = Debug|Any CPU
		{E2361240-02F3-8873-A700-10D6EF98EA4E}.Release|Any CPU.ActiveCfg = Release|Any CPU
		{E2361240-02F3-8873-A700-10D6EF98EA4E}.Release|Any CPU.Build.0 = Release|Any CPU
	EndGlobalSection
	GlobalSection(SolutionProperties) = preSolution
		HideSolutionNode = FALSE
	EndGlobalSection
	GlobalSection(ExtensibilityGlobals) = postSolution
		SolutionGuid = {20D76AE0-7731-4CD9-B0D6-DFA5AFB85746}
	EndGlobalSection
EndGlobal
